// !$*UTF8*$!
{
	archiveVersion = 1;
	classes = {
	};
	objectVersion = 46;
	objects = {

/* Begin PBXBuildFile section */
		AC0304041BAEDE7C005263C7 /* RuleScreen.swift in Sources */ = {isa = PBXBuildFile; fileRef = AC0304031BAEDE7C005263C7 /* RuleScreen.swift */; };
		AC1CF69D1BB4238300001024 /* buttons.atlas in Resources */ = {isa = PBXBuildFile; fileRef = AC1CF69C1BB4238300001024 /* buttons.atlas */; };
		AC1CF6A21BB4A03A00001024 /* cards_Extra.atlas in Resources */ = {isa = PBXBuildFile; fileRef = AC1CF6A01BB4A03A00001024 /* cards_Extra.atlas */; };
		AC252A451BA7D4BA00C0121A /* SIdeOfTable.swift in Sources */ = {isa = PBXBuildFile; fileRef = AC252A441BA7D4BA00C0121A /* SIdeOfTable.swift */; };
		AC252A471BA8C53900C0121A /* PlayingCardComparable.swift in Sources */ = {isa = PBXBuildFile; fileRef = AC252A461BA8C53900C0121A /* PlayingCardComparable.swift */; };
		AC252A4B1BA8E6B900C0121A /* CardPassingStrategy.swift in Sources */ = {isa = PBXBuildFile; fileRef = AC252A4A1BA8E6B900C0121A /* CardPassingStrategy.swift */; };
		AC2AB4CE1BC4AD2A0042BCBC /* ScoreViewModel.swift in Sources */ = {isa = PBXBuildFile; fileRef = AC2AB4CD1BC4AD2A0042BCBC /* ScoreViewModel.swift */; };
		AC2AB4D01BC4E6ED0042BCBC /* GameEvent.swift in Sources */ = {isa = PBXBuildFile; fileRef = AC2AB4CF1BC4E6ED0042BCBC /* GameEvent.swift */; };
		AC2AB4D21BC4EB3F0042BCBC /* SKNodeExtensions.swift in Sources */ = {isa = PBXBuildFile; fileRef = AC2AB4D11BC4EB3F0042BCBC /* SKNodeExtensions.swift */; };
		AC2AB4D41BC4EC4D0042BCBC /* Bus.swift in Sources */ = {isa = PBXBuildFile; fileRef = AC2AB4D31BC4EC4D0042BCBC /* Bus.swift */; };
		AC3309541BC3D50C00A41706 /* ReactiveCocoa.framework in Frameworks */ = {isa = PBXBuildFile; fileRef = ACB33B9B1BC2101B0019DC7C /* ReactiveCocoa.framework */; };
		AC3309551BC3D51000A41706 /* Result.framework in Frameworks */ = {isa = PBXBuildFile; fileRef = ACB33B9D1BC210240019DC7C /* Result.framework */; };
		AC3E5D4A1BAB04B700B6A3A0 /* ScoreDisplay.swift in Sources */ = {isa = PBXBuildFile; fileRef = AC3E5D491BAB04B700B6A3A0 /* ScoreDisplay.swift */; };
		AC44D7D11BB203AA00DA92EC /* CardPile.swift in Sources */ = {isa = PBXBuildFile; fileRef = AC44D7D01BB203AA00DA92EC /* CardPile.swift */; };
		AC627E891BA30766003E9A8F /* GivenADeck.swift in Sources */ = {isa = PBXBuildFile; fileRef = AC627E881BA30766003E9A8F /* GivenADeck.swift */; };
		AC627E8B1BA30807003E9A8F /* GivenAPlayer.swift in Sources */ = {isa = PBXBuildFile; fileRef = AC627E8A1BA30807003E9A8F /* GivenAPlayer.swift */; };
		AC627E8D1BA30840003E9A8F /* GivenACardTable.swift in Sources */ = {isa = PBXBuildFile; fileRef = AC627E8C1BA30840003E9A8F /* GivenACardTable.swift */; };
		AC627E8F1BA30D80003E9A8F /* GivenTwoCards.swift in Sources */ = {isa = PBXBuildFile; fileRef = AC627E8E1BA30D80003E9A8F /* GivenTwoCards.swift */; };
		AC62B6991BA1564800B0EDAE /* AppDelegate.swift in Sources */ = {isa = PBXBuildFile; fileRef = AC62B6981BA1564800B0EDAE /* AppDelegate.swift */; };
		AC62B69D1BA1564800B0EDAE /* GameScene.swift in Sources */ = {isa = PBXBuildFile; fileRef = AC62B69C1BA1564800B0EDAE /* GameScene.swift */; };
		AC62B69F1BA1564800B0EDAE /* GameViewController.swift in Sources */ = {isa = PBXBuildFile; fileRef = AC62B69E1BA1564800B0EDAE /* GameViewController.swift */; };
		AC62B6A21BA1564800B0EDAE /* Main.storyboard in Resources */ = {isa = PBXBuildFile; fileRef = AC62B6A01BA1564800B0EDAE /* Main.storyboard */; };
		AC62B6A41BA1564800B0EDAE /* Images.xcassets in Resources */ = {isa = PBXBuildFile; fileRef = AC62B6A31BA1564800B0EDAE /* Images.xcassets */; };
		AC62B6A71BA1564800B0EDAE /* LaunchScreen.xib in Resources */ = {isa = PBXBuildFile; fileRef = AC62B6A51BA1564800B0EDAE /* LaunchScreen.xib */; };
		AC6463EB1BC12A66000AEB7E /* ButtonSize.swift in Sources */ = {isa = PBXBuildFile; fileRef = AC6463EA1BC12A66000AEB7E /* ButtonSize.swift */; };
		AC701A8C1BDB98F4004FC5F8 /* cards_stars.atlas in Resources */ = {isa = PBXBuildFile; fileRef = AC701A8B1BDB98F4004FC5F8 /* cards_stars.atlas */; };
		AC701A901BDCDA54004FC5F8 /* NStimerExtensions.swift in Sources */ = {isa = PBXBuildFile; fileRef = AC701A8F1BDCDA54004FC5F8 /* NStimerExtensions.swift */; };
		AC73DD9C1BB81A7300FF6114 /* cards_spades.atlas in Resources */ = {isa = PBXBuildFile; fileRef = AC73DD9B1BB81A7300FF6114 /* cards_spades.atlas */; };
		AC73DD9E1BB81E9B00FF6114 /* cards_diamonds.atlas in Resources */ = {isa = PBXBuildFile; fileRef = AC73DD9D1BB81E9B00FF6114 /* cards_diamonds.atlas */; };
		AC73DDA01BB8218E00FF6114 /* cards_hearts.atlas in Resources */ = {isa = PBXBuildFile; fileRef = AC73DD9F1BB8218E00FF6114 /* cards_hearts.atlas */; };
		AC73DDA21BB823DE00FF6114 /* cards_suns.atlas in Resources */ = {isa = PBXBuildFile; fileRef = AC73DDA11BB823DE00FF6114 /* cards_suns.atlas */; };
		AC73DDA41BB8252E00FF6114 /* cards_anchors.atlas in Resources */ = {isa = PBXBuildFile; fileRef = AC73DDA31BB8252E00FF6114 /* cards_anchors.atlas */; };
		AC73DDA61BB8280300FF6114 /* cards_clubs.atlas in Resources */ = {isa = PBXBuildFile; fileRef = AC73DDA51BB8280300FF6114 /* cards_clubs.atlas */; };
		AC73DDA81BB89E5300FF6114 /* cards_tarot.atlas in Resources */ = {isa = PBXBuildFile; fileRef = AC73DDA71BB89E5300FF6114 /* cards_tarot.atlas */; };
		AC73DDAC1BBC107100FF6114 /* PassYourThreeWorstCardsPhase.swift in Sources */ = {isa = PBXBuildFile; fileRef = AC73DDAB1BBC107100FF6114 /* PassYourThreeWorstCardsPhase.swift */; };
		AC74F0441BBEBA550051DF03 /* Navigator.swift in Sources */ = {isa = PBXBuildFile; fileRef = AC74F0431BBEBA550051DF03 /* Navigator.swift */; };
		AC74F0461BBEC34E0051DF03 /* CardDisplayScreen.swift in Sources */ = {isa = PBXBuildFile; fileRef = AC74F0451BBEC34E0051DF03 /* CardDisplayScreen.swift */; };
		AC7C9FC21BB378E60086AC02 /* CardPileType.swift in Sources */ = {isa = PBXBuildFile; fileRef = AC7C9FC11BB378E60086AC02 /* CardPileType.swift */; };
		AC7C9FC41BB379310086AC02 /* CardSize.swift in Sources */ = {isa = PBXBuildFile; fileRef = AC7C9FC31BB379310086AC02 /* CardSize.swift */; };
		AC7C9FC81BB380A00086AC02 /* CardFan.swift in Sources */ = {isa = PBXBuildFile; fileRef = AC7C9FC51BB380A00086AC02 /* CardFan.swift */; };
		AC7C9FC91BB380A00086AC02 /* GameSetting.swift in Sources */ = {isa = PBXBuildFile; fileRef = AC7C9FC61BB380A00086AC02 /* GameSetting.swift */; };
		AC7C9FCA1BB380A00086AC02 /* Seater.swift in Sources */ = {isa = PBXBuildFile; fileRef = AC7C9FC71BB380A00086AC02 /* Seater.swift */; };
		AC7C9FCC1BB3850A0086AC02 /* CardState.swift in Sources */ = {isa = PBXBuildFile; fileRef = AC7C9FCB1BB3850A0086AC02 /* CardState.swift */; };
		AC7C9FCE1BB385CA0086AC02 /* Popup.swift in Sources */ = {isa = PBXBuildFile; fileRef = AC7C9FCD1BB385CA0086AC02 /* Popup.swift */; };
		AC7C9FD01BB3886D0086AC02 /* Direction.swift in Sources */ = {isa = PBXBuildFile; fileRef = AC7C9FCF1BB3886D0086AC02 /* Direction.swift */; };
		AC9E82BC1BA4DE7E0064870C /* GameProgessTracker.swift in Sources */ = {isa = PBXBuildFile; fileRef = AC9E82BB1BA4DE7E0064870C /* GameProgessTracker.swift */; };
		AC9E82C31BA686C40064870C /* CardPlayer.swift in Sources */ = {isa = PBXBuildFile; fileRef = AC9E82BD1BA686C40064870C /* CardPlayer.swift */; };
		AC9E82C41BA686C40064870C /* CardTable.swift in Sources */ = {isa = PBXBuildFile; fileRef = AC9E82BE1BA686C40064870C /* CardTable.swift */; };
		AC9E82C51BA686C40064870C /* PlayingCard.swift in Sources */ = {isa = PBXBuildFile; fileRef = AC9E82BF1BA686C40064870C /* PlayingCard.swift */; };
		ACA1A1351BDDBFD20010BB0B /* Label.swift in Sources */ = {isa = PBXBuildFile; fileRef = ACA1A1341BDDBFD20010BB0B /* Label.swift */; };
		ACB20F9D1BE0C5F500718CC0 /* ArrayExtensions.swift in Sources */ = {isa = PBXBuildFile; fileRef = ACB20F9B1BE0C5F500718CC0 /* ArrayExtensions.swift */; };
		ACB20F9E1BE0C5F500718CC0 /* SequenceTypeExtensions.swift in Sources */ = {isa = PBXBuildFile; fileRef = ACB20F9C1BE0C5F500718CC0 /* SequenceTypeExtensions.swift */; };
		ACB20FA01BE0C64700718CC0 /* SKNodeExtensions2.swift in Sources */ = {isa = PBXBuildFile; fileRef = ACB20F9F1BE0C64700718CC0 /* SKNodeExtensions2.swift */; };
		ACB20FE01BE258DB00718CC0 /* CardStack.swift in Sources */ = {isa = PBXBuildFile; fileRef = ACB20FDF1BE258DB00718CC0 /* CardStack.swift */; };
		ACB33B971BC2003B0019DC7C /* CardSlide.swift in Sources */ = {isa = PBXBuildFile; fileRef = ACB33B951BC2003B0019DC7C /* CardSlide.swift */; };
		ACB33B981BC2003B0019DC7C /* PopupButton.swift in Sources */ = {isa = PBXBuildFile; fileRef = ACB33B961BC2003B0019DC7C /* PopupButton.swift */; };
		ACB33B9C1BC2101B0019DC7C /* ReactiveCocoa.framework in Frameworks */ = {isa = PBXBuildFile; fileRef = ACB33B9B1BC2101B0019DC7C /* ReactiveCocoa.framework */; };
		ACB33B9E1BC210240019DC7C /* Result.framework in Frameworks */ = {isa = PBXBuildFile; fileRef = ACB33B9D1BC210240019DC7C /* Result.framework */; };
		ACB90FA01BB685CF009B1189 /* BinaryToggle.swift in Sources */ = {isa = PBXBuildFile; fileRef = ACB90F9F1BB685CF009B1189 /* BinaryToggle.swift */; };
		ACBF9A931BAD4A0C00837EEB /* NumberRangeToggle.swift in Sources */ = {isa = PBXBuildFile; fileRef = ACBF9A921BAD4A0C00837EEB /* NumberRangeToggle.swift */; };
		ACBF9A951BAE1A5800837EEB /* ExitScreen.swift in Sources */ = {isa = PBXBuildFile; fileRef = ACBF9A941BAE1A5800837EEB /* ExitScreen.swift */; };
		ACCB13361BAB1D5700196393 /* Scorer.swift in Sources */ = {isa = PBXBuildFile; fileRef = ACCB13351BAB1D5700196393 /* Scorer.swift */; };
		ACCB13381BAD16E600196393 /* Awarder.swift in Sources */ = {isa = PBXBuildFile; fileRef = ACCB13371BAD16E600196393 /* Awarder.swift */; };
		ACE6DFB11BAA230F005B5424 /* GIvenAEarlyLeadingStrategy.swift in Sources */ = {isa = PBXBuildFile; fileRef = ACE6DFB01BAA230F005B5424 /* GIvenAEarlyLeadingStrategy.swift */; };
		ACE6DFBA1BAA32AB005B5424 /* GameState.swift in Sources */ = {isa = PBXBuildFile; fileRef = ACE6DFB51BAA32AB005B5424 /* GameState.swift */; };
		ACE6DFBB1BAA32AB005B5424 /* TrickPlayingStrategy.swift in Sources */ = {isa = PBXBuildFile; fileRef = ACE6DFB61BAA32AB005B5424 /* TrickPlayingStrategy.swift */; };
		ACE6DFBC1BAA32AB005B5424 /* MathExtention.swift in Sources */ = {isa = PBXBuildFile; fileRef = ACE6DFB71BAA32AB005B5424 /* MathExtention.swift */; };
		ACE6DFBD1BAA32AB005B5424 /* Multi-Line.swift in Sources */ = {isa = PBXBuildFile; fileRef = ACE6DFB81BAA32AB005B5424 /* Multi-Line.swift */; };
		ACE6DFBF1BAA38A9005B5424 /* CardSource.swift in Sources */ = {isa = PBXBuildFile; fileRef = ACE6DFBE1BAA38A9005B5424 /* CardSource.swift */; };
		ACE6DFC11BAA4217005B5424 /* GivenALateLeadingStrategy.swift in Sources */ = {isa = PBXBuildFile; fileRef = ACE6DFC01BAA4217005B5424 /* GivenALateLeadingStrategy.swift */; };
		ACE6DFC31BAA4483005B5424 /* GivenAEarlyFollowingStrategy.swift in Sources */ = {isa = PBXBuildFile; fileRef = ACE6DFC21BAA4483005B5424 /* GivenAEarlyFollowingStrategy.swift */; };
		ACE6DFC51BAA46F4005B5424 /* GivenALateGameFollowingStrategy.swift in Sources */ = {isa = PBXBuildFile; fileRef = ACE6DFC41BAA46F4005B5424 /* GivenALateGameFollowingStrategy.swift */; };
		ACE6DFC71BAA5563005B5424 /* StatusArea.swift in Sources */ = {isa = PBXBuildFile; fileRef = ACE6DFC61BAA5563005B5424 /* StatusArea.swift */; };
		ACE6DFC91BAA5FD9005B5424 /* CardSprite.swift in Sources */ = {isa = PBXBuildFile; fileRef = ACE6DFC81BAA5FD9005B5424 /* CardSprite.swift */; };
		ACF3157B1BDB129400F203E3 /* cards_stars_white.atlas in Resources */ = {isa = PBXBuildFile; fileRef = ACF315731BDB129400F203E3 /* cards_stars_white.atlas */; };
		ACF3157C1BDB129400F203E3 /* cards_tarot_white.atlas in Resources */ = {isa = PBXBuildFile; fileRef = ACF315741BDB129400F203E3 /* cards_tarot_white.atlas */; };
		ACF3157D1BDB129400F203E3 /* cards_suns_white.atlas in Resources */ = {isa = PBXBuildFile; fileRef = ACF315751BDB129400F203E3 /* cards_suns_white.atlas */; };
		ACF3157E1BDB129400F203E3 /* cards_spades_white.atlas in Resources */ = {isa = PBXBuildFile; fileRef = ACF315761BDB129400F203E3 /* cards_spades_white.atlas */; };
		ACF3157F1BDB129400F203E3 /* cards_hearts_white.atlas in Resources */ = {isa = PBXBuildFile; fileRef = ACF315771BDB129400F203E3 /* cards_hearts_white.atlas */; };
		ACF315801BDB129400F203E3 /* cards_diamonds_white.atlas in Resources */ = {isa = PBXBuildFile; fileRef = ACF315781BDB129400F203E3 /* cards_diamonds_white.atlas */; };
		ACF315811BDB129400F203E3 /* cards_anchors_white.atlas in Resources */ = {isa = PBXBuildFile; fileRef = ACF315791BDB129400F203E3 /* cards_anchors_white.atlas */; };
		ACF315821BDB129400F203E3 /* cards_clubs_white.atlas in Resources */ = {isa = PBXBuildFile; fileRef = ACF3157A1BDB129400F203E3 /* cards_clubs_white.atlas */; };
		ACF58BD61BAEE652009C255A /* OptionScreen.swift in Sources */ = {isa = PBXBuildFile; fileRef = ACF58BD51BAEE652009C255A /* OptionScreen.swift */; };
/* End PBXBuildFile section */

/* Begin PBXContainerItemProxy section */
		AC62B6AD1BA1564900B0EDAE /* PBXContainerItemProxy */ = {
			isa = PBXContainerItemProxy;
			containerPortal = AC62B68B1BA1564800B0EDAE /* Project object */;
			proxyType = 1;
			remoteGlobalIDString = AC62B6921BA1564800B0EDAE;
			remoteInfo = "Rickety Kate";
		};
/* End PBXContainerItemProxy section */

/* Begin PBXFileReference section */
		AC0304031BAEDE7C005263C7 /* RuleScreen.swift */ = {isa = PBXFileReference; fileEncoding = 4; lastKnownFileType = sourcecode.swift; path = RuleScreen.swift; sourceTree = "<group>"; };
		AC1CF69C1BB4238300001024 /* buttons.atlas */ = {isa = PBXFileReference; lastKnownFileType = folder.skatlas; path = buttons.atlas; sourceTree = "<group>"; };
		AC1CF6A01BB4A03A00001024 /* cards_Extra.atlas */ = {isa = PBXFileReference; lastKnownFileType = folder.skatlas; path = cards_Extra.atlas; sourceTree = "<group>"; };
		AC252A441BA7D4BA00C0121A /* SIdeOfTable.swift */ = {isa = PBXFileReference; fileEncoding = 4; lastKnownFileType = sourcecode.swift; path = SIdeOfTable.swift; sourceTree = "<group>"; };
		AC252A461BA8C53900C0121A /* PlayingCardComparable.swift */ = {isa = PBXFileReference; fileEncoding = 4; lastKnownFileType = sourcecode.swift; path = PlayingCardComparable.swift; sourceTree = "<group>"; };
		AC252A4A1BA8E6B900C0121A /* CardPassingStrategy.swift */ = {isa = PBXFileReference; fileEncoding = 4; lastKnownFileType = sourcecode.swift; path = CardPassingStrategy.swift; sourceTree = "<group>"; };
		AC2AB4CD1BC4AD2A0042BCBC /* ScoreViewModel.swift */ = {isa = PBXFileReference; fileEncoding = 4; lastKnownFileType = sourcecode.swift; path = ScoreViewModel.swift; sourceTree = "<group>"; };
		AC2AB4CF1BC4E6ED0042BCBC /* GameEvent.swift */ = {isa = PBXFileReference; fileEncoding = 4; lastKnownFileType = sourcecode.swift; path = GameEvent.swift; sourceTree = "<group>"; };
		AC2AB4D11BC4EB3F0042BCBC /* SKNodeExtensions.swift */ = {isa = PBXFileReference; fileEncoding = 4; lastKnownFileType = sourcecode.swift; path = SKNodeExtensions.swift; sourceTree = "<group>"; };
		AC2AB4D31BC4EC4D0042BCBC /* Bus.swift */ = {isa = PBXFileReference; fileEncoding = 4; lastKnownFileType = sourcecode.swift; path = Bus.swift; sourceTree = "<group>"; };
		AC3E5D491BAB04B700B6A3A0 /* ScoreDisplay.swift */ = {isa = PBXFileReference; fileEncoding = 4; lastKnownFileType = sourcecode.swift; path = ScoreDisplay.swift; sourceTree = "<group>"; };
		AC44D7D01BB203AA00DA92EC /* CardPile.swift */ = {isa = PBXFileReference; fileEncoding = 4; lastKnownFileType = sourcecode.swift; path = CardPile.swift; sourceTree = "<group>"; };
		AC627E881BA30766003E9A8F /* GivenADeck.swift */ = {isa = PBXFileReference; fileEncoding = 4; lastKnownFileType = sourcecode.swift; path = GivenADeck.swift; sourceTree = "<group>"; };
		AC627E8A1BA30807003E9A8F /* GivenAPlayer.swift */ = {isa = PBXFileReference; fileEncoding = 4; lastKnownFileType = sourcecode.swift; path = GivenAPlayer.swift; sourceTree = "<group>"; };
		AC627E8C1BA30840003E9A8F /* GivenACardTable.swift */ = {isa = PBXFileReference; fileEncoding = 4; lastKnownFileType = sourcecode.swift; path = GivenACardTable.swift; sourceTree = "<group>"; };
		AC627E8E1BA30D80003E9A8F /* GivenTwoCards.swift */ = {isa = PBXFileReference; fileEncoding = 4; lastKnownFileType = sourcecode.swift; name = GivenTwoCards.swift; path = "../Rickety Kate/GivenTwoCards.swift"; sourceTree = "<group>"; };
		AC62B6931BA1564800B0EDAE /* Rickety Kate.app */ = {isa = PBXFileReference; explicitFileType = wrapper.application; includeInIndex = 0; path = "Rickety Kate.app"; sourceTree = BUILT_PRODUCTS_DIR; };
		AC62B6971BA1564800B0EDAE /* Info.plist */ = {isa = PBXFileReference; lastKnownFileType = text.plist.xml; path = Info.plist; sourceTree = "<group>"; };
		AC62B6981BA1564800B0EDAE /* AppDelegate.swift */ = {isa = PBXFileReference; lastKnownFileType = sourcecode.swift; path = AppDelegate.swift; sourceTree = "<group>"; };
		AC62B69C1BA1564800B0EDAE /* GameScene.swift */ = {isa = PBXFileReference; lastKnownFileType = sourcecode.swift; path = GameScene.swift; sourceTree = "<group>"; };
		AC62B69E1BA1564800B0EDAE /* GameViewController.swift */ = {isa = PBXFileReference; lastKnownFileType = sourcecode.swift; path = GameViewController.swift; sourceTree = "<group>"; };
		AC62B6A11BA1564800B0EDAE /* Base */ = {isa = PBXFileReference; lastKnownFileType = file.storyboard; name = Base; path = Base.lproj/Main.storyboard; sourceTree = "<group>"; };
		AC62B6A31BA1564800B0EDAE /* Images.xcassets */ = {isa = PBXFileReference; lastKnownFileType = folder.assetcatalog; path = Images.xcassets; sourceTree = "<group>"; };
		AC62B6A61BA1564800B0EDAE /* Base */ = {isa = PBXFileReference; lastKnownFileType = file.xib; name = Base; path = Base.lproj/LaunchScreen.xib; sourceTree = "<group>"; };
		AC62B6AC1BA1564900B0EDAE /* Rickety KateTests.xctest */ = {isa = PBXFileReference; explicitFileType = wrapper.cfbundle; includeInIndex = 0; path = "Rickety KateTests.xctest"; sourceTree = BUILT_PRODUCTS_DIR; };
		AC62B6B11BA1564900B0EDAE /* Info.plist */ = {isa = PBXFileReference; lastKnownFileType = text.plist.xml; path = Info.plist; sourceTree = "<group>"; };
		AC6463EA1BC12A66000AEB7E /* ButtonSize.swift */ = {isa = PBXFileReference; fileEncoding = 4; lastKnownFileType = sourcecode.swift; path = ButtonSize.swift; sourceTree = "<group>"; };
		AC701A8B1BDB98F4004FC5F8 /* cards_stars.atlas */ = {isa = PBXFileReference; lastKnownFileType = folder.skatlas; path = cards_stars.atlas; sourceTree = "<group>"; };
		AC701A8F1BDCDA54004FC5F8 /* NStimerExtensions.swift */ = {isa = PBXFileReference; fileEncoding = 4; lastKnownFileType = sourcecode.swift; path = NStimerExtensions.swift; sourceTree = "<group>"; };
		AC73DD9B1BB81A7300FF6114 /* cards_spades.atlas */ = {isa = PBXFileReference; lastKnownFileType = folder.skatlas; path = cards_spades.atlas; sourceTree = "<group>"; };
		AC73DD9D1BB81E9B00FF6114 /* cards_diamonds.atlas */ = {isa = PBXFileReference; lastKnownFileType = folder.skatlas; path = cards_diamonds.atlas; sourceTree = "<group>"; };
		AC73DD9F1BB8218E00FF6114 /* cards_hearts.atlas */ = {isa = PBXFileReference; lastKnownFileType = folder.skatlas; path = cards_hearts.atlas; sourceTree = "<group>"; };
		AC73DDA11BB823DE00FF6114 /* cards_suns.atlas */ = {isa = PBXFileReference; lastKnownFileType = folder.skatlas; path = cards_suns.atlas; sourceTree = "<group>"; };
		AC73DDA31BB8252E00FF6114 /* cards_anchors.atlas */ = {isa = PBXFileReference; lastKnownFileType = folder.skatlas; path = cards_anchors.atlas; sourceTree = "<group>"; };
		AC73DDA51BB8280300FF6114 /* cards_clubs.atlas */ = {isa = PBXFileReference; lastKnownFileType = folder.skatlas; path = cards_clubs.atlas; sourceTree = "<group>"; };
		AC73DDA71BB89E5300FF6114 /* cards_tarot.atlas */ = {isa = PBXFileReference; lastKnownFileType = folder.skatlas; path = cards_tarot.atlas; sourceTree = "<group>"; };
		AC73DDAB1BBC107100FF6114 /* PassYourThreeWorstCardsPhase.swift */ = {isa = PBXFileReference; fileEncoding = 4; lastKnownFileType = sourcecode.swift; path = PassYourThreeWorstCardsPhase.swift; sourceTree = "<group>"; };
		AC74F0431BBEBA550051DF03 /* Navigator.swift */ = {isa = PBXFileReference; fileEncoding = 4; lastKnownFileType = sourcecode.swift; path = Navigator.swift; sourceTree = "<group>"; };
		AC74F0451BBEC34E0051DF03 /* CardDisplayScreen.swift */ = {isa = PBXFileReference; fileEncoding = 4; lastKnownFileType = sourcecode.swift; path = CardDisplayScreen.swift; sourceTree = "<group>"; };
		AC7C9FC11BB378E60086AC02 /* CardPileType.swift */ = {isa = PBXFileReference; fileEncoding = 4; lastKnownFileType = sourcecode.swift; path = CardPileType.swift; sourceTree = "<group>"; };
		AC7C9FC31BB379310086AC02 /* CardSize.swift */ = {isa = PBXFileReference; fileEncoding = 4; lastKnownFileType = sourcecode.swift; path = CardSize.swift; sourceTree = "<group>"; };
		AC7C9FC51BB380A00086AC02 /* CardFan.swift */ = {isa = PBXFileReference; fileEncoding = 4; lastKnownFileType = sourcecode.swift; path = CardFan.swift; sourceTree = "<group>"; };
		AC7C9FC61BB380A00086AC02 /* GameSetting.swift */ = {isa = PBXFileReference; fileEncoding = 4; lastKnownFileType = sourcecode.swift; path = GameSetting.swift; sourceTree = "<group>"; };
		AC7C9FC71BB380A00086AC02 /* Seater.swift */ = {isa = PBXFileReference; fileEncoding = 4; lastKnownFileType = sourcecode.swift; path = Seater.swift; sourceTree = "<group>"; };
		AC7C9FCB1BB3850A0086AC02 /* CardState.swift */ = {isa = PBXFileReference; fileEncoding = 4; lastKnownFileType = sourcecode.swift; path = CardState.swift; sourceTree = "<group>"; };
		AC7C9FCD1BB385CA0086AC02 /* Popup.swift */ = {isa = PBXFileReference; fileEncoding = 4; lastKnownFileType = sourcecode.swift; path = Popup.swift; sourceTree = "<group>"; };
		AC7C9FCF1BB3886D0086AC02 /* Direction.swift */ = {isa = PBXFileReference; fileEncoding = 4; lastKnownFileType = sourcecode.swift; path = Direction.swift; sourceTree = "<group>"; };
		AC9E82BB1BA4DE7E0064870C /* GameProgessTracker.swift */ = {isa = PBXFileReference; fileEncoding = 4; lastKnownFileType = sourcecode.swift; path = GameProgessTracker.swift; sourceTree = "<group>"; };
		AC9E82BD1BA686C40064870C /* CardPlayer.swift */ = {isa = PBXFileReference; fileEncoding = 4; lastKnownFileType = sourcecode.swift; path = CardPlayer.swift; sourceTree = "<group>"; };
		AC9E82BE1BA686C40064870C /* CardTable.swift */ = {isa = PBXFileReference; fileEncoding = 4; lastKnownFileType = sourcecode.swift; path = CardTable.swift; sourceTree = "<group>"; };
		AC9E82BF1BA686C40064870C /* PlayingCard.swift */ = {isa = PBXFileReference; fileEncoding = 4; lastKnownFileType = sourcecode.swift; path = PlayingCard.swift; sourceTree = "<group>"; };
		ACA1A1341BDDBFD20010BB0B /* Label.swift */ = {isa = PBXFileReference; fileEncoding = 4; lastKnownFileType = sourcecode.swift; path = Label.swift; sourceTree = "<group>"; };
		ACB20F9B1BE0C5F500718CC0 /* ArrayExtensions.swift */ = {isa = PBXFileReference; fileEncoding = 4; lastKnownFileType = sourcecode.swift; path = ArrayExtensions.swift; sourceTree = "<group>"; };
		ACB20F9C1BE0C5F500718CC0 /* SequenceTypeExtensions.swift */ = {isa = PBXFileReference; fileEncoding = 4; lastKnownFileType = sourcecode.swift; path = SequenceTypeExtensions.swift; sourceTree = "<group>"; };
		ACB20F9F1BE0C64700718CC0 /* SKNodeExtensions2.swift */ = {isa = PBXFileReference; fileEncoding = 4; lastKnownFileType = sourcecode.swift; path = SKNodeExtensions2.swift; sourceTree = "<group>"; };
		ACB20FDF1BE258DB00718CC0 /* CardStack.swift */ = {isa = PBXFileReference; fileEncoding = 4; lastKnownFileType = sourcecode.swift; path = CardStack.swift; sourceTree = "<group>"; };
		ACB33B951BC2003B0019DC7C /* CardSlide.swift */ = {isa = PBXFileReference; fileEncoding = 4; lastKnownFileType = sourcecode.swift; path = CardSlide.swift; sourceTree = "<group>"; };
		ACB33B961BC2003B0019DC7C /* PopupButton.swift */ = {isa = PBXFileReference; fileEncoding = 4; lastKnownFileType = sourcecode.swift; path = PopupButton.swift; sourceTree = "<group>"; };
		ACB33B9B1BC2101B0019DC7C /* ReactiveCocoa.framework */ = {isa = PBXFileReference; lastKnownFileType = wrapper.framework; name = ReactiveCocoa.framework; path = Carthage/Build/iOS/ReactiveCocoa.framework; sourceTree = "<group>"; };
		ACB33B9D1BC210240019DC7C /* Result.framework */ = {isa = PBXFileReference; lastKnownFileType = wrapper.framework; name = Result.framework; path = Carthage/Build/iOS/Result.framework; sourceTree = "<group>"; };
		ACB90F9F1BB685CF009B1189 /* BinaryToggle.swift */ = {isa = PBXFileReference; fileEncoding = 4; lastKnownFileType = sourcecode.swift; path = BinaryToggle.swift; sourceTree = "<group>"; };
		ACBF9A921BAD4A0C00837EEB /* NumberRangeToggle.swift */ = {isa = PBXFileReference; fileEncoding = 4; lastKnownFileType = sourcecode.swift; path = NumberRangeToggle.swift; sourceTree = "<group>"; };
		ACBF9A941BAE1A5800837EEB /* ExitScreen.swift */ = {isa = PBXFileReference; fileEncoding = 4; lastKnownFileType = sourcecode.swift; path = ExitScreen.swift; sourceTree = "<group>"; };
		ACCB13351BAB1D5700196393 /* Scorer.swift */ = {isa = PBXFileReference; fileEncoding = 4; lastKnownFileType = sourcecode.swift; path = Scorer.swift; sourceTree = "<group>"; };
		ACCB13371BAD16E600196393 /* Awarder.swift */ = {isa = PBXFileReference; fileEncoding = 4; lastKnownFileType = sourcecode.swift; path = Awarder.swift; sourceTree = "<group>"; };
		ACE6DFB01BAA230F005B5424 /* GIvenAEarlyLeadingStrategy.swift */ = {isa = PBXFileReference; fileEncoding = 4; lastKnownFileType = sourcecode.swift; path = GIvenAEarlyLeadingStrategy.swift; sourceTree = "<group>"; };
		ACE6DFB51BAA32AB005B5424 /* GameState.swift */ = {isa = PBXFileReference; fileEncoding = 4; lastKnownFileType = sourcecode.swift; path = GameState.swift; sourceTree = "<group>"; };
		ACE6DFB61BAA32AB005B5424 /* TrickPlayingStrategy.swift */ = {isa = PBXFileReference; fileEncoding = 4; lastKnownFileType = sourcecode.swift; path = TrickPlayingStrategy.swift; sourceTree = "<group>"; };
		ACE6DFB71BAA32AB005B5424 /* MathExtention.swift */ = {isa = PBXFileReference; fileEncoding = 4; lastKnownFileType = sourcecode.swift; path = MathExtention.swift; sourceTree = "<group>"; };
		ACE6DFB81BAA32AB005B5424 /* Multi-Line.swift */ = {isa = PBXFileReference; fileEncoding = 4; lastKnownFileType = sourcecode.swift; path = "Multi-Line.swift"; sourceTree = "<group>"; };
		ACE6DFBE1BAA38A9005B5424 /* CardSource.swift */ = {isa = PBXFileReference; fileEncoding = 4; lastKnownFileType = sourcecode.swift; path = CardSource.swift; sourceTree = "<group>"; };
		ACE6DFC01BAA4217005B5424 /* GivenALateLeadingStrategy.swift */ = {isa = PBXFileReference; fileEncoding = 4; lastKnownFileType = sourcecode.swift; path = GivenALateLeadingStrategy.swift; sourceTree = "<group>"; };
		ACE6DFC21BAA4483005B5424 /* GivenAEarlyFollowingStrategy.swift */ = {isa = PBXFileReference; fileEncoding = 4; lastKnownFileType = sourcecode.swift; path = GivenAEarlyFollowingStrategy.swift; sourceTree = "<group>"; };
		ACE6DFC41BAA46F4005B5424 /* GivenALateGameFollowingStrategy.swift */ = {isa = PBXFileReference; fileEncoding = 4; lastKnownFileType = sourcecode.swift; path = GivenALateGameFollowingStrategy.swift; sourceTree = "<group>"; };
		ACE6DFC61BAA5563005B5424 /* StatusArea.swift */ = {isa = PBXFileReference; fileEncoding = 4; lastKnownFileType = sourcecode.swift; path = StatusArea.swift; sourceTree = "<group>"; };
		ACE6DFC81BAA5FD9005B5424 /* CardSprite.swift */ = {isa = PBXFileReference; fileEncoding = 4; lastKnownFileType = sourcecode.swift; path = CardSprite.swift; sourceTree = "<group>"; };
		ACF315731BDB129400F203E3 /* cards_stars_white.atlas */ = {isa = PBXFileReference; lastKnownFileType = folder.skatlas; path = cards_stars_white.atlas; sourceTree = "<group>"; };
		ACF315741BDB129400F203E3 /* cards_tarot_white.atlas */ = {isa = PBXFileReference; lastKnownFileType = folder.skatlas; path = cards_tarot_white.atlas; sourceTree = "<group>"; };
		ACF315751BDB129400F203E3 /* cards_suns_white.atlas */ = {isa = PBXFileReference; lastKnownFileType = folder.skatlas; path = cards_suns_white.atlas; sourceTree = "<group>"; };
		ACF315761BDB129400F203E3 /* cards_spades_white.atlas */ = {isa = PBXFileReference; lastKnownFileType = folder.skatlas; path = cards_spades_white.atlas; sourceTree = "<group>"; };
		ACF315771BDB129400F203E3 /* cards_hearts_white.atlas */ = {isa = PBXFileReference; lastKnownFileType = folder.skatlas; path = cards_hearts_white.atlas; sourceTree = "<group>"; };
		ACF315781BDB129400F203E3 /* cards_diamonds_white.atlas */ = {isa = PBXFileReference; lastKnownFileType = folder.skatlas; path = cards_diamonds_white.atlas; sourceTree = "<group>"; };
		ACF315791BDB129400F203E3 /* cards_anchors_white.atlas */ = {isa = PBXFileReference; lastKnownFileType = folder.skatlas; path = cards_anchors_white.atlas; sourceTree = "<group>"; };
		ACF3157A1BDB129400F203E3 /* cards_clubs_white.atlas */ = {isa = PBXFileReference; lastKnownFileType = folder.skatlas; path = cards_clubs_white.atlas; sourceTree = "<group>"; };
		ACF58BD51BAEE652009C255A /* OptionScreen.swift */ = {isa = PBXFileReference; fileEncoding = 4; lastKnownFileType = sourcecode.swift; path = OptionScreen.swift; sourceTree = "<group>"; };
/* End PBXFileReference section */

/* Begin PBXFrameworksBuildPhase section */
		AC62B6901BA1564800B0EDAE /* Frameworks */ = {
			isa = PBXFrameworksBuildPhase;
			buildActionMask = 2147483647;
			files = (
				ACB33B9C1BC2101B0019DC7C /* ReactiveCocoa.framework in Frameworks */,
				ACB33B9E1BC210240019DC7C /* Result.framework in Frameworks */,
			);
			runOnlyForDeploymentPostprocessing = 0;
		};
		AC62B6A91BA1564900B0EDAE /* Frameworks */ = {
			isa = PBXFrameworksBuildPhase;
			buildActionMask = 2147483647;
			files = (
				AC3309541BC3D50C00A41706 /* ReactiveCocoa.framework in Frameworks */,
				AC3309551BC3D51000A41706 /* Result.framework in Frameworks */,
			);
			runOnlyForDeploymentPostprocessing = 0;
		};
/* End PBXFrameworksBuildPhase section */

/* Begin PBXGroup section */
		AC62B68A1BA1564800B0EDAE = {
			isa = PBXGroup;
			children = (
				AC62B6941BA1564800B0EDAE /* Products */,
				ACB33B9B1BC2101B0019DC7C /* ReactiveCocoa.framework */,
				ACB33B9D1BC210240019DC7C /* Result.framework */,
				AC62B6951BA1564800B0EDAE /* Rickety Kate */,
				AC62B6AF1BA1564900B0EDAE /* Rickety KateTests */,
			);
			sourceTree = "<group>";
		};
		AC62B6941BA1564800B0EDAE /* Products */ = {
			isa = PBXGroup;
			children = (
				AC62B6931BA1564800B0EDAE /* Rickety Kate.app */,
				AC62B6AC1BA1564900B0EDAE /* Rickety KateTests.xctest */,
			);
			name = Products;
			sourceTree = "<group>";
		};
		AC62B6951BA1564800B0EDAE /* Rickety Kate */ = {
			isa = PBXGroup;
			children = (
				AC62B6981BA1564800B0EDAE /* AppDelegate.swift */,
				ACB20F9B1BE0C5F500718CC0 /* ArrayExtensions.swift */,
				ACCB13371BAD16E600196393 /* Awarder.swift */,
				ACB90F9F1BB685CF009B1189 /* BinaryToggle.swift */,
				AC2AB4D31BC4EC4D0042BCBC /* Bus.swift */,
				AC1CF69C1BB4238300001024 /* buttons.atlas */,
				AC6463EA1BC12A66000AEB7E /* ButtonSize.swift */,
				AC74F0451BBEC34E0051DF03 /* CardDisplayScreen.swift */,
				AC7C9FC51BB380A00086AC02 /* CardFan.swift */,
				AC252A4A1BA8E6B900C0121A /* CardPassingStrategy.swift */,
				AC44D7D01BB203AA00DA92EC /* CardPile.swift */,
				AC7C9FC11BB378E60086AC02 /* CardPileType.swift */,
				AC9E82BD1BA686C40064870C /* CardPlayer.swift */,
				ACF315791BDB129400F203E3 /* cards_anchors_white.atlas */,
				AC73DDA31BB8252E00FF6114 /* cards_anchors.atlas */,
				ACF3157A1BDB129400F203E3 /* cards_clubs_white.atlas */,
				AC73DDA51BB8280300FF6114 /* cards_clubs.atlas */,
				ACF315781BDB129400F203E3 /* cards_diamonds_white.atlas */,
				AC73DD9D1BB81E9B00FF6114 /* cards_diamonds.atlas */,
				AC1CF6A01BB4A03A00001024 /* cards_Extra.atlas */,
				ACF315771BDB129400F203E3 /* cards_hearts_white.atlas */,
				AC73DD9F1BB8218E00FF6114 /* cards_hearts.atlas */,
				ACF315761BDB129400F203E3 /* cards_spades_white.atlas */,
				AC73DD9B1BB81A7300FF6114 /* cards_spades.atlas */,
				ACF315731BDB129400F203E3 /* cards_stars_white.atlas */,
				AC701A8B1BDB98F4004FC5F8 /* cards_stars.atlas */,
				ACF315751BDB129400F203E3 /* cards_suns_white.atlas */,
				AC73DDA11BB823DE00FF6114 /* cards_suns.atlas */,
				ACF315741BDB129400F203E3 /* cards_tarot_white.atlas */,
				AC73DDA71BB89E5300FF6114 /* cards_tarot.atlas */,
				AC7C9FC31BB379310086AC02 /* CardSize.swift */,
				ACB33B951BC2003B0019DC7C /* CardSlide.swift */,
				ACE6DFBE1BAA38A9005B5424 /* CardSource.swift */,
				ACE6DFC81BAA5FD9005B5424 /* CardSprite.swift */,
				ACB20FDF1BE258DB00718CC0 /* CardStack.swift */,
				AC7C9FCB1BB3850A0086AC02 /* CardState.swift */,
				AC9E82BE1BA686C40064870C /* CardTable.swift */,
				AC7C9FCF1BB3886D0086AC02 /* Direction.swift */,
				ACBF9A941BAE1A5800837EEB /* ExitScreen.swift */,
				AC2AB4CF1BC4E6ED0042BCBC /* GameEvent.swift */,
				AC9E82BB1BA4DE7E0064870C /* GameProgessTracker.swift */,
				AC62B69C1BA1564800B0EDAE /* GameScene.swift */,
				AC7C9FC61BB380A00086AC02 /* GameSetting.swift */,
				ACE6DFB51BAA32AB005B5424 /* GameState.swift */,
				AC62B69E1BA1564800B0EDAE /* GameViewController.swift */,
				AC62B6A31BA1564800B0EDAE /* Images.xcassets */,
				ACA1A1341BDDBFD20010BB0B /* Label.swift */,
				AC62B6A51BA1564800B0EDAE /* LaunchScreen.xib */,
				AC62B6A01BA1564800B0EDAE /* Main.storyboard */,
				ACE6DFB71BAA32AB005B5424 /* MathExtention.swift */,
				ACE6DFB81BAA32AB005B5424 /* Multi-Line.swift */,
				AC74F0431BBEBA550051DF03 /* Navigator.swift */,
				AC701A8F1BDCDA54004FC5F8 /* NStimerExtensions.swift */,
				ACBF9A921BAD4A0C00837EEB /* NumberRangeToggle.swift */,
				ACF58BD51BAEE652009C255A /* OptionScreen.swift */,
				AC73DDAB1BBC107100FF6114 /* PassYourThreeWorstCardsPhase.swift */,
				AC9E82BF1BA686C40064870C /* PlayingCard.swift */,
				AC252A461BA8C53900C0121A /* PlayingCardComparable.swift */,
				AC7C9FCD1BB385CA0086AC02 /* Popup.swift */,
				ACB33B961BC2003B0019DC7C /* PopupButton.swift */,
				AC0304031BAEDE7C005263C7 /* RuleScreen.swift */,
				AC3E5D491BAB04B700B6A3A0 /* ScoreDisplay.swift */,
				ACCB13351BAB1D5700196393 /* Scorer.swift */,
				AC2AB4CD1BC4AD2A0042BCBC /* ScoreViewModel.swift */,
				AC7C9FC71BB380A00086AC02 /* Seater.swift */,
				ACB20F9C1BE0C5F500718CC0 /* SequenceTypeExtensions.swift */,
				AC252A441BA7D4BA00C0121A /* SIdeOfTable.swift */,
				AC2AB4D11BC4EB3F0042BCBC /* SKNodeExtensions.swift */,
				ACB20F9F1BE0C64700718CC0 /* SKNodeExtensions2.swift */,
				ACE6DFC61BAA5563005B5424 /* StatusArea.swift */,
				AC62B6961BA1564800B0EDAE /* Supporting Files */,
				ACE6DFB61BAA32AB005B5424 /* TrickPlayingStrategy.swift */,
			);
			path = "Rickety Kate";
			sourceTree = "<group>";
		};
		AC62B6961BA1564800B0EDAE /* Supporting Files */ = {
			isa = PBXGroup;
			children = (
				AC62B6971BA1564800B0EDAE /* Info.plist */,
			);
			name = "Supporting Files";
			sourceTree = "<group>";
		};
		AC62B6AF1BA1564900B0EDAE /* Rickety KateTests */ = {
			isa = PBXGroup;
			children = (
				ACE6DFB01BAA230F005B5424 /* GIvenAEarlyLeadingStrategy.swift */,
				AC627E881BA30766003E9A8F /* GivenADeck.swift */,
				AC627E8E1BA30D80003E9A8F /* GivenTwoCards.swift */,
				AC627E8A1BA30807003E9A8F /* GivenAPlayer.swift */,
				AC627E8C1BA30840003E9A8F /* GivenACardTable.swift */,
				AC62B6B01BA1564900B0EDAE /* Supporting Files */,
				ACE6DFC01BAA4217005B5424 /* GivenALateLeadingStrategy.swift */,
				ACE6DFC21BAA4483005B5424 /* GivenAEarlyFollowingStrategy.swift */,
				ACE6DFC41BAA46F4005B5424 /* GivenALateGameFollowingStrategy.swift */,
			);
			path = "Rickety KateTests";
			sourceTree = "<group>";
		};
		AC62B6B01BA1564900B0EDAE /* Supporting Files */ = {
			isa = PBXGroup;
			children = (
				AC62B6B11BA1564900B0EDAE /* Info.plist */,
			);
			name = "Supporting Files";
			sourceTree = "<group>";
		};
/* End PBXGroup section */

/* Begin PBXNativeTarget section */
		AC62B6921BA1564800B0EDAE /* Rickety Kate */ = {
			isa = PBXNativeTarget;
			buildConfigurationList = AC62B6B61BA1564900B0EDAE /* Build configuration list for PBXNativeTarget "Rickety Kate" */;
			buildPhases = (
				AC62B68F1BA1564800B0EDAE /* Sources */,
				AC62B6901BA1564800B0EDAE /* Frameworks */,
				AC62B6911BA1564800B0EDAE /* Resources */,
				ACB33B9F1BC210610019DC7C /* ShellScript */,
			);
			buildRules = (
			);
			dependencies = (
			);
			name = "Rickety Kate";
			productName = "Rickety Kate";
			productReference = AC62B6931BA1564800B0EDAE /* Rickety Kate.app */;
			productType = "com.apple.product-type.application";
		};
		AC62B6AB1BA1564900B0EDAE /* Rickety KateTests */ = {
			isa = PBXNativeTarget;
			buildConfigurationList = AC62B6B91BA1564900B0EDAE /* Build configuration list for PBXNativeTarget "Rickety KateTests" */;
			buildPhases = (
				AC62B6A81BA1564900B0EDAE /* Sources */,
				AC62B6A91BA1564900B0EDAE /* Frameworks */,
				AC62B6AA1BA1564900B0EDAE /* Resources */,
				AC3309561BC3D53300A41706 /* ShellScript */,
			);
			buildRules = (
			);
			dependencies = (
				AC62B6AE1BA1564900B0EDAE /* PBXTargetDependency */,
			);
			name = "Rickety KateTests";
			productName = "Rickety KateTests";
			productReference = AC62B6AC1BA1564900B0EDAE /* Rickety KateTests.xctest */;
			productType = "com.apple.product-type.bundle.unit-test";
		};
/* End PBXNativeTarget section */

/* Begin PBXProject section */
		AC62B68B1BA1564800B0EDAE /* Project object */ = {
			isa = PBXProject;
			attributes = {
				LastSwiftMigration = 0700;
				LastSwiftUpdateCheck = 0700;
				LastUpgradeCheck = 0700;
				ORGANIZATIONNAME = "Nereids Gold";
				TargetAttributes = {
					AC62B6921BA1564800B0EDAE = {
						CreatedOnToolsVersion = 6.4;
						DevelopmentTeam = 5CUBLSA9G4;
					};
					AC62B6AB1BA1564900B0EDAE = {
						CreatedOnToolsVersion = 6.4;
						TestTargetID = AC62B6921BA1564800B0EDAE;
					};
				};
			};
			buildConfigurationList = AC62B68E1BA1564800B0EDAE /* Build configuration list for PBXProject "Rickety Kate" */;
			compatibilityVersion = "Xcode 3.2";
			developmentRegion = English;
			hasScannedForEncodings = 0;
			knownRegions = (
				en,
				Base,
			);
			mainGroup = AC62B68A1BA1564800B0EDAE;
			productRefGroup = AC62B6941BA1564800B0EDAE /* Products */;
			projectDirPath = "";
			projectRoot = "";
			targets = (
				AC62B6921BA1564800B0EDAE /* Rickety Kate */,
				AC62B6AB1BA1564900B0EDAE /* Rickety KateTests */,
			);
		};
/* End PBXProject section */

/* Begin PBXResourcesBuildPhase section */
		AC62B6911BA1564800B0EDAE /* Resources */ = {
			isa = PBXResourcesBuildPhase;
			buildActionMask = 2147483647;
			files = (
				ACF315811BDB129400F203E3 /* cards_anchors_white.atlas in Resources */,
				AC62B6A71BA1564800B0EDAE /* LaunchScreen.xib in Resources */,
				AC73DDA61BB8280300FF6114 /* cards_clubs.atlas in Resources */,
				ACF315821BDB129400F203E3 /* cards_clubs_white.atlas in Resources */,
				AC73DD9C1BB81A7300FF6114 /* cards_spades.atlas in Resources */,
				AC73DD9E1BB81E9B00FF6114 /* cards_diamonds.atlas in Resources */,
				AC73DDA01BB8218E00FF6114 /* cards_hearts.atlas in Resources */,
				AC62B6A41BA1564800B0EDAE /* Images.xcassets in Resources */,
				ACF3157C1BDB129400F203E3 /* cards_tarot_white.atlas in Resources */,
				ACF3157E1BDB129400F203E3 /* cards_spades_white.atlas in Resources */,
				AC73DDA81BB89E5300FF6114 /* cards_tarot.atlas in Resources */,
				ACF3157F1BDB129400F203E3 /* cards_hearts_white.atlas in Resources */,
				ACF315801BDB129400F203E3 /* cards_diamonds_white.atlas in Resources */,
				AC1CF69D1BB4238300001024 /* buttons.atlas in Resources */,
				AC701A8C1BDB98F4004FC5F8 /* cards_stars.atlas in Resources */,
				AC73DDA41BB8252E00FF6114 /* cards_anchors.atlas in Resources */,
				AC73DDA21BB823DE00FF6114 /* cards_suns.atlas in Resources */,
				AC1CF6A21BB4A03A00001024 /* cards_Extra.atlas in Resources */,
				ACF3157B1BDB129400F203E3 /* cards_stars_white.atlas in Resources */,
				ACF3157D1BDB129400F203E3 /* cards_suns_white.atlas in Resources */,
				AC62B6A21BA1564800B0EDAE /* Main.storyboard in Resources */,
			);
			runOnlyForDeploymentPostprocessing = 0;
		};
		AC62B6AA1BA1564900B0EDAE /* Resources */ = {
			isa = PBXResourcesBuildPhase;
			buildActionMask = 2147483647;
			files = (
			);
			runOnlyForDeploymentPostprocessing = 0;
		};
/* End PBXResourcesBuildPhase section */

/* Begin PBXShellScriptBuildPhase section */
		AC3309561BC3D53300A41706 /* ShellScript */ = {
			isa = PBXShellScriptBuildPhase;
			buildActionMask = 2147483647;
			files = (
			);
			inputPaths = (
				"$(SRCROOT)/Carthage/Build/iOS/Result.framework",
				"$(SRCROOT)/Carthage/Build/iOS/ReactiveCocoa.framework",
			);
			outputPaths = (
			);
			runOnlyForDeploymentPostprocessing = 0;
			shellPath = /bin/sh;
			shellScript = "/usr/local/bin/carthage copy-frameworks ";
		};
		ACB33B9F1BC210610019DC7C /* ShellScript */ = {
			isa = PBXShellScriptBuildPhase;
			buildActionMask = 2147483647;
			files = (
			);
			inputPaths = (
				"$(SRCROOT)/Carthage/Build/iOS/Result.framework",
				"$(SRCROOT)/Carthage/Build/iOS/ReactiveCocoa.framework",
			);
			outputPaths = (
			);
			runOnlyForDeploymentPostprocessing = 0;
			shellPath = /bin/sh;
			shellScript = "/usr/local/bin/carthage copy-frameworks ";
		};
/* End PBXShellScriptBuildPhase section */

/* Begin PBXSourcesBuildPhase section */
		AC62B68F1BA1564800B0EDAE /* Sources */ = {
			isa = PBXSourcesBuildPhase;
			buildActionMask = 2147483647;
			files = (
				AC3E5D4A1BAB04B700B6A3A0 /* ScoreDisplay.swift in Sources */,
				AC62B69D1BA1564800B0EDAE /* GameScene.swift in Sources */,
				AC62B69F1BA1564800B0EDAE /* GameViewController.swift in Sources */,
				ACE6DFBF1BAA38A9005B5424 /* CardSource.swift in Sources */,
				AC701A901BDCDA54004FC5F8 /* NStimerExtensions.swift in Sources */,
				AC7C9FC91BB380A00086AC02 /* GameSetting.swift in Sources */,
				AC74F0441BBEBA550051DF03 /* Navigator.swift in Sources */,
				AC252A451BA7D4BA00C0121A /* SIdeOfTable.swift in Sources */,
				ACE6DFC91BAA5FD9005B5424 /* CardSprite.swift in Sources */,
				AC7C9FCE1BB385CA0086AC02 /* Popup.swift in Sources */,
				AC2AB4CE1BC4AD2A0042BCBC /* ScoreViewModel.swift in Sources */,
				ACB20FE01BE258DB00718CC0 /* CardStack.swift in Sources */,
				AC9E82BC1BA4DE7E0064870C /* GameProgessTracker.swift in Sources */,
				AC9E82C31BA686C40064870C /* CardPlayer.swift in Sources */,
				ACE6DFBD1BAA32AB005B5424 /* Multi-Line.swift in Sources */,
				ACB90FA01BB685CF009B1189 /* BinaryToggle.swift in Sources */,
				AC9E82C41BA686C40064870C /* CardTable.swift in Sources */,
				ACBF9A931BAD4A0C00837EEB /* NumberRangeToggle.swift in Sources */,
				ACB33B971BC2003B0019DC7C /* CardSlide.swift in Sources */,
				ACE6DFBC1BAA32AB005B5424 /* MathExtention.swift in Sources */,
				AC2AB4D21BC4EB3F0042BCBC /* SKNodeExtensions.swift in Sources */,
				AC44D7D11BB203AA00DA92EC /* CardPile.swift in Sources */,
				ACE6DFBB1BAA32AB005B5424 /* TrickPlayingStrategy.swift in Sources */,
				AC7C9FCC1BB3850A0086AC02 /* CardState.swift in Sources */,
				AC7C9FC81BB380A00086AC02 /* CardFan.swift in Sources */,
				ACE6DFBA1BAA32AB005B5424 /* GameState.swift in Sources */,
				AC7C9FCA1BB380A00086AC02 /* Seater.swift in Sources */,
				AC73DDAC1BBC107100FF6114 /* PassYourThreeWorstCardsPhase.swift in Sources */,
				AC74F0461BBEC34E0051DF03 /* CardDisplayScreen.swift in Sources */,
				AC9E82C51BA686C40064870C /* PlayingCard.swift in Sources */,
				AC7C9FC21BB378E60086AC02 /* CardPileType.swift in Sources */,
				AC2AB4D41BC4EC4D0042BCBC /* Bus.swift in Sources */,
				ACB20F9D1BE0C5F500718CC0 /* ArrayExtensions.swift in Sources */,
				ACB20F9E1BE0C5F500718CC0 /* SequenceTypeExtensions.swift in Sources */,
				ACCB13381BAD16E600196393 /* Awarder.swift in Sources */,
				ACCB13361BAB1D5700196393 /* Scorer.swift in Sources */,
				ACBF9A951BAE1A5800837EEB /* ExitScreen.swift in Sources */,
				AC7C9FC41BB379310086AC02 /* CardSize.swift in Sources */,
				ACB33B981BC2003B0019DC7C /* PopupButton.swift in Sources */,
				AC252A471BA8C53900C0121A /* PlayingCardComparable.swift in Sources */,
				ACA1A1351BDDBFD20010BB0B /* Label.swift in Sources */,
				AC0304041BAEDE7C005263C7 /* RuleScreen.swift in Sources */,
				AC252A4B1BA8E6B900C0121A /* CardPassingStrategy.swift in Sources */,
				ACF58BD61BAEE652009C255A /* OptionScreen.swift in Sources */,
				AC62B6991BA1564800B0EDAE /* AppDelegate.swift in Sources */,
				ACB20FA01BE0C64700718CC0 /* SKNodeExtensions2.swift in Sources */,
				AC6463EB1BC12A66000AEB7E /* ButtonSize.swift in Sources */,
				AC2AB4D01BC4E6ED0042BCBC /* GameEvent.swift in Sources */,
				ACE6DFC71BAA5563005B5424 /* StatusArea.swift in Sources */,
				AC7C9FD01BB3886D0086AC02 /* Direction.swift in Sources */,
			);
			runOnlyForDeploymentPostprocessing = 0;
		};
		AC62B6A81BA1564900B0EDAE /* Sources */ = {
			isa = PBXSourcesBuildPhase;
			buildActionMask = 2147483647;
			files = (
				AC627E8F1BA30D80003E9A8F /* GivenTwoCards.swift in Sources */,
				ACE6DFC11BAA4217005B5424 /* GivenALateLeadingStrategy.swift in Sources */,
				AC627E8D1BA30840003E9A8F /* GivenACardTable.swift in Sources */,
				AC627E891BA30766003E9A8F /* GivenADeck.swift in Sources */,
				ACE6DFC31BAA4483005B5424 /* GivenAEarlyFollowingStrategy.swift in Sources */,
				AC627E8B1BA30807003E9A8F /* GivenAPlayer.swift in Sources */,
				ACE6DFC51BAA46F4005B5424 /* GivenALateGameFollowingStrategy.swift in Sources */,
				ACE6DFB11BAA230F005B5424 /* GIvenAEarlyLeadingStrategy.swift in Sources */,
			);
			runOnlyForDeploymentPostprocessing = 0;
		};
/* End PBXSourcesBuildPhase section */

/* Begin PBXTargetDependency section */
		AC62B6AE1BA1564900B0EDAE /* PBXTargetDependency */ = {
			isa = PBXTargetDependency;
			target = AC62B6921BA1564800B0EDAE /* Rickety Kate */;
			targetProxy = AC62B6AD1BA1564900B0EDAE /* PBXContainerItemProxy */;
		};
/* End PBXTargetDependency section */

/* Begin PBXVariantGroup section */
		AC62B6A01BA1564800B0EDAE /* Main.storyboard */ = {
			isa = PBXVariantGroup;
			children = (
				AC62B6A11BA1564800B0EDAE /* Base */,
			);
			name = Main.storyboard;
			sourceTree = "<group>";
		};
		AC62B6A51BA1564800B0EDAE /* LaunchScreen.xib */ = {
			isa = PBXVariantGroup;
			children = (
				AC62B6A61BA1564800B0EDAE /* Base */,
			);
			name = LaunchScreen.xib;
			sourceTree = "<group>";
		};
/* End PBXVariantGroup section */

/* Begin XCBuildConfiguration section */
		AC62B6B41BA1564900B0EDAE /* Debug */ = {
			isa = XCBuildConfiguration;
			buildSettings = {
				ALWAYS_SEARCH_USER_PATHS = NO;
				CLANG_CXX_LANGUAGE_STANDARD = "gnu++0x";
				CLANG_CXX_LIBRARY = "libc++";
				CLANG_ENABLE_MODULES = YES;
				CLANG_ENABLE_OBJC_ARC = YES;
				CLANG_WARN_BOOL_CONVERSION = YES;
				CLANG_WARN_CONSTANT_CONVERSION = YES;
				CLANG_WARN_DIRECT_OBJC_ISA_USAGE = YES_ERROR;
				CLANG_WARN_EMPTY_BODY = YES;
				CLANG_WARN_ENUM_CONVERSION = YES;
				CLANG_WARN_INT_CONVERSION = YES;
				CLANG_WARN_OBJC_ROOT_CLASS = YES_ERROR;
				CLANG_WARN_UNREACHABLE_CODE = YES;
				CLANG_WARN__DUPLICATE_METHOD_MATCH = YES;
				"CODE_SIGN_IDENTITY[sdk=iphoneos*]" = "iPhone Developer";
				COPY_PHASE_STRIP = NO;
				DEBUG_INFORMATION_FORMAT = "dwarf-with-dsym";
				ENABLE_STRICT_OBJC_MSGSEND = YES;
				ENABLE_TESTABILITY = YES;
				GCC_C_LANGUAGE_STANDARD = gnu99;
				GCC_DYNAMIC_NO_PIC = NO;
				GCC_NO_COMMON_BLOCKS = YES;
				GCC_OPTIMIZATION_LEVEL = 0;
				GCC_PREPROCESSOR_DEFINITIONS = (
					"DEBUG=1",
					"$(inherited)",
				);
				GCC_SYMBOLS_PRIVATE_EXTERN = NO;
				GCC_WARN_64_TO_32_BIT_CONVERSION = YES;
				GCC_WARN_ABOUT_RETURN_TYPE = YES_ERROR;
				GCC_WARN_UNDECLARED_SELECTOR = YES;
				GCC_WARN_UNINITIALIZED_AUTOS = YES_AGGRESSIVE;
				GCC_WARN_UNUSED_FUNCTION = YES;
				GCC_WARN_UNUSED_VARIABLE = YES;
				IPHONEOS_DEPLOYMENT_TARGET = 8.0;
				MTL_ENABLE_DEBUG_INFO = YES;
				ONLY_ACTIVE_ARCH = YES;
				SDKROOT = iphoneos;
				SWIFT_OPTIMIZATION_LEVEL = "-Onone";
				TARGETED_DEVICE_FAMILY = "1,2";
			};
			name = Debug;
		};
		AC62B6B51BA1564900B0EDAE /* Release */ = {
			isa = XCBuildConfiguration;
			buildSettings = {
				ALWAYS_SEARCH_USER_PATHS = NO;
				CLANG_CXX_LANGUAGE_STANDARD = "gnu++0x";
				CLANG_CXX_LIBRARY = "libc++";
				CLANG_ENABLE_MODULES = YES;
				CLANG_ENABLE_OBJC_ARC = YES;
				CLANG_WARN_BOOL_CONVERSION = YES;
				CLANG_WARN_CONSTANT_CONVERSION = YES;
				CLANG_WARN_DIRECT_OBJC_ISA_USAGE = YES_ERROR;
				CLANG_WARN_EMPTY_BODY = YES;
				CLANG_WARN_ENUM_CONVERSION = YES;
				CLANG_WARN_INT_CONVERSION = YES;
				CLANG_WARN_OBJC_ROOT_CLASS = YES_ERROR;
				CLANG_WARN_UNREACHABLE_CODE = YES;
				CLANG_WARN__DUPLICATE_METHOD_MATCH = YES;
				"CODE_SIGN_IDENTITY[sdk=iphoneos*]" = "iPhone Developer";
				COPY_PHASE_STRIP = NO;
				DEBUG_INFORMATION_FORMAT = "dwarf-with-dsym";
				ENABLE_NS_ASSERTIONS = NO;
				ENABLE_STRICT_OBJC_MSGSEND = YES;
				GCC_C_LANGUAGE_STANDARD = gnu99;
				GCC_NO_COMMON_BLOCKS = YES;
				GCC_WARN_64_TO_32_BIT_CONVERSION = YES;
				GCC_WARN_ABOUT_RETURN_TYPE = YES_ERROR;
				GCC_WARN_UNDECLARED_SELECTOR = YES;
				GCC_WARN_UNINITIALIZED_AUTOS = YES_AGGRESSIVE;
				GCC_WARN_UNUSED_FUNCTION = YES;
				GCC_WARN_UNUSED_VARIABLE = YES;
				IPHONEOS_DEPLOYMENT_TARGET = 8.0;
				MTL_ENABLE_DEBUG_INFO = NO;
				SDKROOT = iphoneos;
				TARGETED_DEVICE_FAMILY = "1,2";
				VALIDATE_PRODUCT = YES;
			};
			name = Release;
		};
		AC62B6B71BA1564900B0EDAE /* Debug */ = {
			isa = XCBuildConfiguration;
			buildSettings = {
				ASSETCATALOG_COMPILER_APPICON_NAME = AppIcon;
				CODE_SIGN_IDENTITY = "iPhone Developer";
				"CODE_SIGN_IDENTITY[sdk=iphoneos*]" = "iPhone Developer";
				FRAMEWORK_SEARCH_PATHS = (
					"$(inherited)",
					"$(PROJECT_DIR)/Carthage/Build/iOS",
				);
				INFOPLIST_FILE = "Rickety Kate/Info.plist";
				IPHONEOS_DEPLOYMENT_TARGET = 8.0;
				LD_RUNPATH_SEARCH_PATHS = "$(inherited) @executable_path/Frameworks";
				PRODUCT_BUNDLE_IDENTIFIER = "com.NereidsGold.$(PRODUCT_NAME:rfc1034identifier)";
				PRODUCT_NAME = "$(TARGET_NAME)";
				PROVISIONING_PROFILE = "";
			};
			name = Debug;
		};
		AC62B6B81BA1564900B0EDAE /* Release */ = {
			isa = XCBuildConfiguration;
			buildSettings = {
				ASSETCATALOG_COMPILER_APPICON_NAME = AppIcon;
				CODE_SIGN_IDENTITY = "iPhone Distribution: Geoff Burns (5CUBLSA9G4)";
				"CODE_SIGN_IDENTITY[sdk=iphoneos*]" = "iPhone Distribution: Geoff Burns (5CUBLSA9G4)";
				FRAMEWORK_SEARCH_PATHS = (
					"$(inherited)",
					"$(PROJECT_DIR)/Carthage/Build/iOS",
				);
				INFOPLIST_FILE = "Rickety Kate/Info.plist";
				IPHONEOS_DEPLOYMENT_TARGET = 8.0;
				LD_RUNPATH_SEARCH_PATHS = "$(inherited) @executable_path/Frameworks";
				PRODUCT_BUNDLE_IDENTIFIER = "com.NereidsGold.$(PRODUCT_NAME:rfc1034identifier)";
				PRODUCT_NAME = "$(TARGET_NAME)";
				PROVISIONING_PROFILE = "";
			};
			name = Release;
		};
		AC62B6BA1BA1564900B0EDAE /* Debug */ = {
			isa = XCBuildConfiguration;
			buildSettings = {
				BUNDLE_LOADER = "$(TEST_HOST)";
				FRAMEWORK_SEARCH_PATHS = (
					"$(SDKROOT)/Developer/Library/Frameworks",
					"$(inherited)",
					"$(PROJECT_DIR)/Carthage/Build/iOS",
				);
				GCC_PREPROCESSOR_DEFINITIONS = (
					"DEBUG=1",
					"$(inherited)",
				);
				INFOPLIST_FILE = "Rickety KateTests/Info.plist";
				LD_RUNPATH_SEARCH_PATHS = "$(inherited) @executable_path/Frameworks @loader_path/Frameworks";
				PRODUCT_BUNDLE_IDENTIFIER = "com.NereidsGold.$(PRODUCT_NAME:rfc1034identifier)";
				PRODUCT_NAME = "$(TARGET_NAME)";
				TEST_HOST = "$(BUILT_PRODUCTS_DIR)/Rickety Kate.app/Rickety Kate";
			};
			name = Debug;
		};
		AC62B6BB1BA1564900B0EDAE /* Release */ = {
			isa = XCBuildConfiguration;
			buildSettings = {
				BUNDLE_LOADER = "$(TEST_HOST)";
				FRAMEWORK_SEARCH_PATHS = (
					"$(SDKROOT)/Developer/Library/Frameworks",
					"$(inherited)",
					"$(PROJECT_DIR)/Carthage/Build/iOS",
				);
				INFOPLIST_FILE = "Rickety KateTests/Info.plist";
				LD_RUNPATH_SEARCH_PATHS = "$(inherited) @executable_path/Frameworks @loader_path/Frameworks";
				PRODUCT_BUNDLE_IDENTIFIER = "com.NereidsGold.$(PRODUCT_NAME:rfc1034identifier)";
				PRODUCT_NAME = "$(TARGET_NAME)";
				TEST_HOST = "$(BUILT_PRODUCTS_DIR)/Rickety Kate.app/Rickety Kate";
			};
			name = Release;
		};
/* End XCBuildConfiguration section */

/* Begin XCConfigurationList section */
		AC62B68E1BA1564800B0EDAE /* Build configuration list for PBXProject "Rickety Kate" */ = {
			isa = XCConfigurationList;
			buildConfigurations = (
				AC62B6B41BA1564900B0EDAE /* Debug */,
				AC62B6B51BA1564900B0EDAE /* Release */,
			);
			defaultConfigurationIsVisible = 0;
			defaultConfigurationName = Release;
		};
		AC62B6B61BA1564900B0EDAE /* Build configuration list for PBXNativeTarget "Rickety Kate" */ = {
			isa = XCConfigurationList;
			buildConfigurations = (
				AC62B6B71BA1564900B0EDAE /* Debug */,
				AC62B6B81BA1564900B0EDAE /* Release */,
			);
			defaultConfigurationIsVisible = 0;
			defaultConfigurationName = Release;
		};
		AC62B6B91BA1564900B0EDAE /* Build configuration list for PBXNativeTarget "Rickety KateTests" */ = {
			isa = XCConfigurationList;
			buildConfigurations = (
				AC62B6BA1BA1564900B0EDAE /* Debug */,
				AC62B6BB1BA1564900B0EDAE /* Release */,
			);
			defaultConfigurationIsVisible = 0;
			defaultConfigurationName = Release;
		};
/* End XCConfigurationList section */
	};
	rootObject = AC62B68B1BA1564800B0EDAE /* Project object */;
}
